{
  "object": {
    "pins": [
      {
        "package": "Reflection",
        "repositoryURL": "https://github.com/Zewo/Reflection.git",
        "state": {
          "branch": null,
          "revision": "acec4a9f736e0c83e69b133f902b7f18466b5ab1",
          "version": "0.18.1"
        }
      }
    ]
  },
  "version": 1
}
